// !$*UTF8*$!
{
	archiveVersion = 1;
	classes = {
	};
	objectVersion = 50;
	objects = {

/* Begin PBXBuildFile section */
		41EBFA3D25630D5600232483 /* AppDelegate.swift in Sources */ = {isa = PBXBuildFile; fileRef = 41EBFA3C25630D5600232483 /* AppDelegate.swift */; };
		41EBFA3F25630D5600232483 /* SceneDelegate.swift in Sources */ = {isa = PBXBuildFile; fileRef = 41EBFA3E25630D5600232483 /* SceneDelegate.swift */; };
		41EBFA4125630D5600232483 /* ViewController.swift in Sources */ = {isa = PBXBuildFile; fileRef = 41EBFA4025630D5600232483 /* ViewController.swift */; };
		41EBFA4425630D5600232483 /* Main.storyboard in Resources */ = {isa = PBXBuildFile; fileRef = 41EBFA4225630D5600232483 /* Main.storyboard */; };
		41EBFA4625630D5A00232483 /* Assets.xcassets in Resources */ = {isa = PBXBuildFile; fileRef = 41EBFA4525630D5A00232483 /* Assets.xcassets */; };
		41EBFA4925630D5A00232483 /* LaunchScreen.storyboard in Resources */ = {isa = PBXBuildFile; fileRef = 41EBFA4725630D5A00232483 /* LaunchScreen.storyboard */; };
		41EBFA5525630F3800232483 /* transformer.mlmodel in Sources */ = {isa = PBXBuildFile; fileRef = 41EBFA5225630F3700232483 /* transformer.mlmodel */; };
		41EBFA5625630F3800232483 /* decoder.mlmodel in Sources */ = {isa = PBXBuildFile; fileRef = 41EBFA5325630F3700232483 /* decoder.mlmodel */; };
		41EBFA5725630F3800232483 /* encoder.mlmodel in Sources */ = {isa = PBXBuildFile; fileRef = 41EBFA5425630F3700232483 /* encoder.mlmodel */; };
		41EBFA5F2563117300232483 /* UIImageExtension.swift in Sources */ = {isa = PBXBuildFile; fileRef = 41EBFA5E2563117300232483 /* UIImageExtension.swift */; };
		41EBFA64256313E000232483 /* SampleImage.jpg in Resources */ = {isa = PBXBuildFile; fileRef = 41EBFA63256313E000232483 /* SampleImage.jpg */; };
/* End PBXBuildFile section */

/* Begin PBXFileReference section */
		41EBFA3925630D5600232483 /* CrashCoreML.app */ = {isa = PBXFileReference; explicitFileType = wrapper.application; includeInIndex = 0; path = CrashCoreML.app; sourceTree = BUILT_PRODUCTS_DIR; };
		41EBFA3C25630D5600232483 /* AppDelegate.swift */ = {isa = PBXFileReference; lastKnownFileType = sourcecode.swift; path = AppDelegate.swift; sourceTree = "<group>"; };
		41EBFA3E25630D5600232483 /* SceneDelegate.swift */ = {isa = PBXFileReference; lastKnownFileType = sourcecode.swift; path = SceneDelegate.swift; sourceTree = "<group>"; };
		41EBFA4025630D5600232483 /* ViewController.swift */ = {isa = PBXFileReference; lastKnownFileType = sourcecode.swift; path = ViewController.swift; sourceTree = "<group>"; };
		41EBFA4325630D5600232483 /* Base */ = {isa = PBXFileReference; lastKnownFileType = file.storyboard; name = Base; path = Base.lproj/Main.storyboard; sourceTree = "<group>"; };
		41EBFA4525630D5A00232483 /* Assets.xcassets */ = {isa = PBXFileReference; lastKnownFileType = folder.assetcatalog; path = Assets.xcassets; sourceTree = "<group>"; };
		41EBFA4825630D5A00232483 /* Base */ = {isa = PBXFileReference; lastKnownFileType = file.storyboard; name = Base; path = Base.lproj/LaunchScreen.storyboard; sourceTree = "<group>"; };
		41EBFA4A25630D5A00232483 /* Info.plist */ = {isa = PBXFileReference; lastKnownFileType = text.plist.xml; path = Info.plist; sourceTree = "<group>"; };
		41EBFA5225630F3700232483 /* transformer.mlmodel */ = {isa = PBXFileReference; lastKnownFileType = file.mlmodel; name = transformer.mlmodel; path = CrashCoreML/Assets/transformer.mlmodel; sourceTree = SOURCE_ROOT; };
		41EBFA5325630F3700232483 /* decoder.mlmodel */ = {isa = PBXFileReference; lastKnownFileType = file.mlmodel; name = decoder.mlmodel; path = CrashCoreML/Assets/decoder.mlmodel; sourceTree = SOURCE_ROOT; };
		41EBFA5425630F3700232483 /* encoder.mlmodel */ = {isa = PBXFileReference; lastKnownFileType = file.mlmodel; name = encoder.mlmodel; path = CrashCoreML/Assets/encoder.mlmodel; sourceTree = SOURCE_ROOT; };
		41EBFA5E2563117300232483 /* UIImageExtension.swift */ = {isa = PBXFileReference; lastKnownFileType = sourcecode.swift; path = UIImageExtension.swift; sourceTree = "<group>"; };
		41EBFA63256313E000232483 /* SampleImage.jpg */ = {isa = PBXFileReference; lastKnownFileType = image.jpeg; name = SampleImage.jpg; path = Assets/SampleImage.jpg; sourceTree = "<group>"; };
/* End PBXFileReference section */

/* Begin PBXFrameworksBuildPhase section */
		41EBFA3625630D5600232483 /* Frameworks */ = {
			isa = PBXFrameworksBuildPhase;
			buildActionMask = 2147483647;
			files = (
			);
			runOnlyForDeploymentPostprocessing = 0;
		};
/* End PBXFrameworksBuildPhase section */

/* Begin PBXGroup section */
		41EBFA3025630D5600232483 = {
			isa = PBXGroup;
			children = (
				41EBFA3B25630D5600232483 /* CrashCoreML */,
				41EBFA3A25630D5600232483 /* Products */,
			);
			sourceTree = "<group>";
		};
		41EBFA3A25630D5600232483 /* Products */ = {
			isa = PBXGroup;
			children = (
				41EBFA3925630D5600232483 /* CrashCoreML.app */,
			);
			name = Products;
			sourceTree = "<group>";
		};
		41EBFA3B25630D5600232483 /* CrashCoreML */ = {
			isa = PBXGroup;
			children = (
				41EBFA5125630F2500232483 /* Assets */,
				41EBFA3C25630D5600232483 /* AppDelegate.swift */,
				41EBFA3E25630D5600232483 /* SceneDelegate.swift */,
				41EBFA4025630D5600232483 /* ViewController.swift */,
				41EBFA5E2563117300232483 /* UIImageExtension.swift */,
				41EBFA63256313E000232483 /* SampleImage.jpg */,
				41EBFA4225630D5600232483 /* Main.storyboard */,
				41EBFA4525630D5A00232483 /* Assets.xcassets */,
				41EBFA4725630D5A00232483 /* LaunchScreen.storyboard */,
				41EBFA4A25630D5A00232483 /* Info.plist */,
			);
			path = CrashCoreML;
			sourceTree = "<group>";
		};
		41EBFA5125630F2500232483 /* Assets */ = {
			isa = PBXGroup;
			children = (
				41EBFA5325630F3700232483 /* decoder.mlmodel */,
				41EBFA5425630F3700232483 /* encoder.mlmodel */,
				41EBFA5225630F3700232483 /* transformer.mlmodel */,
			);
			name = Assets;
			path = CrashCoreML/Assets;
			sourceTree = SOURCE_ROOT;
		};
/* End PBXGroup section */

/* Begin PBXNativeTarget section */
		41EBFA3825630D5600232483 /* CrashCoreML */ = {
			isa = PBXNativeTarget;
			buildConfigurationList = 41EBFA4D25630D5A00232483 /* Build configuration list for PBXNativeTarget "CrashCoreML" */;
			buildPhases = (
				41EBFA3525630D5600232483 /* Sources */,
				41EBFA3625630D5600232483 /* Frameworks */,
				41EBFA3725630D5600232483 /* Resources */,
			);
			buildRules = (
			);
			dependencies = (
			);
			name = CrashCoreML;
			productName = CrashCoreML;
			productReference = 41EBFA3925630D5600232483 /* CrashCoreML.app */;
			productType = "com.apple.product-type.application";
		};
/* End PBXNativeTarget section */

/* Begin PBXProject section */
		41EBFA3125630D5600232483 /* Project object */ = {
			isa = PBXProject;
			attributes = {
				LastSwiftUpdateCheck = 1220;
				LastUpgradeCheck = 1220;
				TargetAttributes = {
					41EBFA3825630D5600232483 = {
						CreatedOnToolsVersion = 12.2;
					};
				};
			};
			buildConfigurationList = 41EBFA3425630D5600232483 /* Build configuration list for PBXProject "CrashCoreML" */;
			compatibilityVersion = "Xcode 9.3";
			developmentRegion = en;
			hasScannedForEncodings = 0;
			knownRegions = (
				en,
				Base,
			);
			mainGroup = 41EBFA3025630D5600232483;
			productRefGroup = 41EBFA3A25630D5600232483 /* Products */;
			projectDirPath = "";
			projectRoot = "";
			targets = (
				41EBFA3825630D5600232483 /* CrashCoreML */,
			);
		};
/* End PBXProject section */

/* Begin PBXResourcesBuildPhase section */
		41EBFA3725630D5600232483 /* Resources */ = {
			isa = PBXResourcesBuildPhase;
			buildActionMask = 2147483647;
			files = (
				41EBFA4925630D5A00232483 /* LaunchScreen.storyboard in Resources */,
				41EBFA4625630D5A00232483 /* Assets.xcassets in Resources */,
				41EBFA4425630D5600232483 /* Main.storyboard in Resources */,
				41EBFA64256313E000232483 /* SampleImage.jpg in Resources */,
			);
			runOnlyForDeploymentPostprocessing = 0;
		};
/* End PBXResourcesBuildPhase section */

/* Begin PBXSourcesBuildPhase section */
		41EBFA3525630D5600232483 /* Sources */ = {
			isa = PBXSourcesBuildPhase;
			buildActionMask = 2147483647;
			files = (
				41EBFA4125630D5600232483 /* ViewController.swift in Sources */,
				41EBFA5625630F3800232483 /* decoder.mlmodel in Sources */,
				41EBFA5F2563117300232483 /* UIImageExtension.swift in Sources */,
				41EBFA5525630F3800232483 /* transformer.mlmodel in Sources */,
				41EBFA3D25630D5600232483 /* AppDelegate.swift in Sources */,
				41EBFA5725630F3800232483 /* encoder.mlmodel in Sources */,
				41EBFA3F25630D5600232483 /* SceneDelegate.swift in Sources */,
			);
			runOnlyForDeploymentPostprocessing = 0;
		};
/* End PBXSourcesBuildPhase section */

/* Begin PBXVariantGroup section */
		41EBFA4225630D5600232483 /* Main.storyboard */ = {
			isa = PBXVariantGroup;
			children = (
				41EBFA4325630D5600232483 /* Base */,
			);
			name = Main.storyboard;
			sourceTree = "<group>";
		};
		41EBFA4725630D5A00232483 /* LaunchScreen.storyboard */ = {
			isa = PBXVariantGroup;
			children = (
				41EBFA4825630D5A00232483 /* Base */,
			);
			name = LaunchScreen.storyboard;
			sourceTree = "<group>";
		};
/* End PBXVariantGroup section */

/* Begin XCBuildConfiguration section */
		41EBFA4B25630D5A00232483 /* Debug */ = {
			isa = XCBuildConfiguration;
			buildSettings = {
				ALWAYS_SEARCH_USER_PATHS = NO;
				CLANG_ANALYZER_NONNULL = YES;
				CLANG_ANALYZER_NUMBER_OBJECT_CONVERSION = YES_AGGRESSIVE;
				CLANG_CXX_LANGUAGE_STANDARD = "gnu++14";
				CLANG_CXX_LIBRARY = "libc++";
				CLANG_ENABLE_MODULES = YES;
				CLANG_ENABLE_OBJC_ARC = YES;
				CLANG_ENABLE_OBJC_WEAK = YES;
				CLANG_WARN_BLOCK_CAPTURE_AUTORELEASING = YES;
				CLANG_WARN_BOOL_CONVERSION = YES;
				CLANG_WARN_COMMA = YES;
				CLANG_WARN_CONSTANT_CONVERSION = YES;
				CLANG_WARN_DEPRECATED_OBJC_IMPLEMENTATIONS = YES;
				CLANG_WARN_DIRECT_OBJC_ISA_USAGE = YES_ERROR;
				CLANG_WARN_DOCUMENTATION_COMMENTS = YES;
				CLANG_WARN_EMPTY_BODY = YES;
				CLANG_WARN_ENUM_CONVERSION = YES;
				CLANG_WARN_INFINITE_RECURSION = YES;
				CLANG_WARN_INT_CONVERSION = YES;
				CLANG_WARN_NON_LITERAL_NULL_CONVERSION = YES;
				CLANG_WARN_OBJC_IMPLICIT_RETAIN_SELF = YES;
				CLANG_WARN_OBJC_LITERAL_CONVERSION = YES;
				CLANG_WARN_OBJC_ROOT_CLASS = YES_ERROR;
				CLANG_WARN_QUOTED_INCLUDE_IN_FRAMEWORK_HEADER = YES;
				CLANG_WARN_RANGE_LOOP_ANALYSIS = YES;
				CLANG_WARN_STRICT_PROTOTYPES = YES;
				CLANG_WARN_SUSPICIOUS_MOVE = YES;
				CLANG_WARN_UNGUARDED_AVAILABILITY = YES_AGGRESSIVE;
				CLANG_WARN_UNREACHABLE_CODE = YES;
				CLANG_WARN__DUPLICATE_METHOD_MATCH = YES;
				COPY_PHASE_STRIP = NO;
				DEBUG_INFORMATION_FORMAT = dwarf;
				ENABLE_STRICT_OBJC_MSGSEND = YES;
				ENABLE_TESTABILITY = YES;
				GCC_C_LANGUAGE_STANDARD = gnu11;
				GCC_DYNAMIC_NO_PIC = NO;
				GCC_NO_COMMON_BLOCKS = YES;
				GCC_OPTIMIZATION_LEVEL = 0;
				GCC_PREPROCESSOR_DEFINITIONS = (
					"DEBUG=1",
					"$(inherited)",
				);
				GCC_WARN_64_TO_32_BIT_CONVERSION = YES;
				GCC_WARN_ABOUT_RETURN_TYPE = YES_ERROR;
				GCC_WARN_UNDECLARED_SELECTOR = YES;
				GCC_WARN_UNINITIALIZED_AUTOS = YES_AGGRESSIVE;
				GCC_WARN_UNUSED_FUNCTION = YES;
				GCC_WARN_UNUSED_VARIABLE = YES;
				IPHONEOS_DEPLOYMENT_TARGET = 14.2;
				MTL_ENABLE_DEBUG_INFO = INCLUDE_SOURCE;
				MTL_FAST_MATH = YES;
				ONLY_ACTIVE_ARCH = YES;
				SDKROOT = iphoneos;
				SWIFT_ACTIVE_COMPILATION_CONDITIONS = DEBUG;
				SWIFT_OPTIMIZATION_LEVEL = "-Onone";
			};
			name = Debug;
		};
		41EBFA4C25630D5A00232483 /* Release */ = {
			isa = XCBuildConfiguration;
			buildSettings = {
				ALWAYS_SEARCH_USER_PATHS = NO;
				CLANG_ANALYZER_NONNULL = YES;
				CLANG_ANALYZER_NUMBER_OBJECT_CONVERSION = YES_AGGRESSIVE;
				CLANG_CXX_LANGUAGE_STANDARD = "gnu++14";
				CLANG_CXX_LIBRARY = "libc++";
				CLANG_ENABLE_MODULES = YES;
				CLANG_ENABLE_OBJC_ARC = YES;
				CLANG_ENABLE_OBJC_WEAK = YES;
				CLANG_WARN_BLOCK_CAPTURE_AUTORELEASING = YES;
				CLANG_WARN_BOOL_CONVERSION = YES;
				CLANG_WARN_COMMA = YES;
				CLANG_WARN_CONSTANT_CONVERSION = YES;
				CLANG_WARN_DEPRECATED_OBJC_IMPLEMENTATIONS = YES;
				CLANG_WARN_DIRECT_OBJC_ISA_USAGE = YES_ERROR;
				CLANG_WARN_DOCUMENTATION_COMMENTS = YES;
				CLANG_WARN_EMPTY_BODY = YES;
				CLANG_WARN_ENUM_CONVERSION = YES;
				CLANG_WARN_INFINITE_RECURSION = YES;
				CLANG_WARN_INT_CONVERSION = YES;
				CLANG_WARN_NON_LITERAL_NULL_CONVERSION = YES;
				CLANG_WARN_OBJC_IMPLICIT_RETAIN_SELF = YES;
				CLANG_WARN_OBJC_LITERAL_CONVERSION = YES;
				CLANG_WARN_OBJC_ROOT_CLASS = YES_ERROR;
				CLANG_WARN_QUOTED_INCLUDE_IN_FRAMEWORK_HEADER = YES;
				CLANG_WARN_RANGE_LOOP_ANALYSIS = YES;
				CLANG_WARN_STRICT_PROTOTYPES = YES;
				CLANG_WARN_SUSPICIOUS_MOVE = YES;
				CLANG_WARN_UNGUARDED_AVAILABILITY = YES_AGGRESSIVE;
				CLANG_WARN_UNREACHABLE_CODE = YES;
				CLANG_WARN__DUPLICATE_METHOD_MATCH = YES;
				COPY_PHASE_STRIP = NO;
				DEBUG_INFORMATION_FORMAT = "dwarf-with-dsym";
				ENABLE_NS_ASSERTIONS = NO;
				ENABLE_STRICT_OBJC_MSGSEND = YES;
				GCC_C_LANGUAGE_STANDARD = gnu11;
				GCC_NO_COMMON_BLOCKS = YES;
				GCC_WARN_64_TO_32_BIT_CONVERSION = YES;
				GCC_WARN_ABOUT_RETURN_TYPE = YES_ERROR;
				GCC_WARN_UNDECLARED_SELECTOR = YES;
				GCC_WARN_UNINITIALIZED_AUTOS = YES_AGGRESSIVE;
				GCC_WARN_UNUSED_FUNCTION = YES;
				GCC_WARN_UNUSED_VARIABLE = YES;
				IPHONEOS_DEPLOYMENT_TARGET = 14.2;
				MTL_ENABLE_DEBUG_INFO = NO;
				MTL_FAST_MATH = YES;
				SDKROOT = iphoneos;
				SWIFT_COMPILATION_MODE = wholemodule;
				SWIFT_OPTIMIZATION_LEVEL = "-O";
				VALIDATE_PRODUCT = YES;
			};
			name = Release;
		};
		41EBFA4E25630D5A00232483 /* Debug */ = {
			isa = XCBuildConfiguration;
			buildSettings = {
				ASSETCATALOG_COMPILER_APPICON_NAME = AppIcon;
				ASSETCATALOG_COMPILER_GLOBAL_ACCENT_COLOR_NAME = AccentColor;
				CODE_SIGN_STYLE = Automatic;
				DEVELOPMENT_TEAM = PSFLR723P9;
				INFOPLIST_FILE = CrashCoreML/Info.plist;
				LD_RUNPATH_SEARCH_PATHS = (
					"$(inherited)",
					"@executable_path/Frameworks",
				);
				PRODUCT_BUNDLE_IDENTIFIER = sumat.CrashCoreML;
				PRODUCT_NAME = "$(TARGET_NAME)";
				SWIFT_VERSION = 5.0;
				TARGETED_DEVICE_FAMILY = "1,2";
			};
			name = Debug;
		};
		41EBFA4F25630D5A00232483 /* Release */ = {
			isa = XCBuildConfiguration;
			buildSettings = {
				ASSETCATALOG_COMPILER_APPICON_NAME = AppIcon;
				ASSETCATALOG_COMPILER_GLOBAL_ACCENT_COLOR_NAME = AccentColor;
				CODE_SIGN_STYLE = Automatic;
				DEVELOPMENT_TEAM = PSFLR723P9;
				INFOPLIST_FILE = CrashCoreML/Info.plist;
				LD_RUNPATH_SEARCH_PATHS = (
					"$(inherited)",
					"@executable_path/Frameworks",
				);
				PRODUCT_BUNDLE_IDENTIFIER = sumat.CrashCoreML;
				PRODUCT_NAME = "$(TARGET_NAME)";
				SWIFT_VERSION = 5.0;
				TARGETED_DEVICE_FAMILY = "1,2";
			};
			name = Release;
		};
/* End XCBuildConfiguration section */

/* Begin XCConfigurationList section */
		41EBFA3425630D5600232483 /* Build configuration list for PBXProject "CrashCoreML" */ = {
			isa = XCConfigurationList;
			buildConfigurations = (
				41EBFA4B25630D5A00232483 /* Debug */,
				41EBFA4C25630D5A00232483 /* Release */,
			);
			defaultConfigurationIsVisible = 0;
			defaultConfigurationName = Release;
		};
		41EBFA4D25630D5A00232483 /* Build configuration list for PBXNativeTarget "CrashCoreML" */ = {
			isa = XCConfigurationList;
			buildConfigurations = (
				41EBFA4E25630D5A00232483 /* Debug */,
				41EBFA4F25630D5A00232483 /* Release */,
			);
			defaultConfigurationIsVisible = 0;
			defaultConfigurationName = Release;
		};
/* End XCConfigurationList section */
	};
	rootObject = 41EBFA3125630D5600232483 /* Project object */;
}
